version = 1
revision = 3
requires-python = ">=3.12"

[[package]]
name = "odin-reader"
version = "0.1.0"
source = { virtual = "." }
dependencies = [
    { name = "pymupdf" },
]

[package.metadata]
requires-dist = [{ name = "pymupdf", specifier = ">=1.26.5" }]

[[package]]
name = "pymupdf"
version = "1.26.5"
source = { registry = "https://pypi.org/simple" }
sdist = { url = "https://files.pythonhosted.org/packages/8d/9a/e0a4e92a85fc17be7c54afdbb113f0ade2a8bca49856d510e28bd249e462/pymupdf-1.26.5.tar.gz", hash = "sha256:8ef335e07f648492df240f2247854d0e7c0467afb9c4dc2376ec30978ec158c3", size = 84319274, upload-time = "2025-10-10T14:04:51.826Z" }
wheels = [
    { url = "https://files.pythonhosted.org/packages/dd/3f/7fc927fd66922ce838d4c974ff9a685c5f5aba108a5d94914dc05c9371f5/pymupdf-1.26.5-cp39-abi3-macosx_10_9_x86_64.whl", hash = "sha256:2bfb58f07ad631e5f71ad0bd6f1ff52700f7ba7ebb4973130e81e75b721beae1", size = 23065601, upload-time = "2025-10-10T13:58:43.98Z" },
    { url = "https://files.pythonhosted.org/packages/c1/e2/e87e62284ba98d59f1fd4fc7542ef2ed0002525754a485fa4077b3bbddae/pymupdf-1.26.5-cp39-abi3-macosx_11_0_arm64.whl", hash = "sha256:d58599479bc471d3ae56c3d68d9160d0b7de8a3bd40221ddc3a4eaae2d281b86", size = 22412612, upload-time = "2025-10-10T13:59:04.846Z" },
    { url = "https://files.pythonhosted.org/packages/df/c2/af93c6367f79e9b5435f803bde51c1dc8225f054f8238162dda80b44986d/pymupdf-1.26.5-cp39-abi3-manylinux_2_28_aarch64.whl", hash = "sha256:7dfea81fdd73437a6a6ce83e1fcf556faee9327a6540571e58bf04fa362bb0cd", size = 23457410, upload-time = "2025-10-10T22:45:26.355Z" },
    { url = "https://files.pythonhosted.org/packages/5b/5a/1292a0df4ff71fbc00dfa8c08759d17c97e1e8ea9277eb5bc5f079ca188d/pymupdf-1.26.5-cp39-abi3-manylinux_2_28_x86_64.whl", hash = "sha256:caad0ffeb63dcc4a29ca40f3c68d7b78d32a932e834b0056b529cc0bdbaaffc9", size = 24064941, upload-time = "2025-10-10T13:59:48.544Z" },
    { url = "https://files.pythonhosted.org/packages/28/90/87b7fdfc9cd6991a3eb69a5752f6343374c34f258c511c242f4d60791eea/pymupdf-1.26.5-cp39-abi3-musllinux_1_2_x86_64.whl", hash = "sha256:e24e7a7d696bd398543cc5c147869edb2026d5d5a21b7f8e35db2f20170b389e", size = 24268203, upload-time = "2025-10-10T14:00:28.791Z" },
    { url = "https://files.pythonhosted.org/packages/2c/99/9d4b36485538e29df0a013fb02bbf6b5b0743a428fa07515e36631c43363/pymupdf-1.26.5-cp39-abi3-win32.whl", hash = "sha256:a2a42f5911d153a47bf5c3e162a0bfe8745eb9bec3e59fbaf87617b4003d8270", size = 17130722, upload-time = "2025-10-10T14:00:51.377Z" },
    { url = "https://files.pythonhosted.org/packages/c6/96/fd59c1532891762ea4815e73956c532053d5e26d56969e1e5d1e4ca4b207/pymupdf-1.26.5-cp39-abi3-win_amd64.whl", hash = "sha256:39a6fb58182b27b51ea8150a0cd2e4ee7e0cf71e9d6723978f28699b42ee61ae", size = 18747258, upload-time = "2025-10-10T14:01:37.346Z" },
]
